{
  "nodes": {
    "Vencord-src": {
      "flake": false,
      "locked": {
        "lastModified": 1731090402,
        "narHash": "sha256-Jat4bvdsz1MxejPu0dWllxRt1mftZaWKGY4l/OpJTzE=",
        "owner": "Vendicated",
        "repo": "vencord",
        "rev": "49c9fa1c8edc32a3973db1b7bc7bd85d9e4d0a2a",
        "type": "github"
      },
      "original": {
        "owner": "Vendicated",
        "repo": "vencord",
        "type": "github"
      }
    },
    "nixpkgs": {
      "locked": {
        "lastModified": 1730785428,
        "narHash": "sha256-Zwl8YgTVJTEum+L+0zVAWvXAGbWAuXHax3KzuejaDyo=",
        "owner": "NixOS",
        "repo": "nixpkgs",
        "rev": "4aa36568d413aca0ea84a1684d2d46f55dbabad7",
        "type": "github"
      },
      "original": {
        "owner": "NixOS",
        "ref": "nixos-unstable",
        "repo": "nixpkgs",
        "type": "github"
      }
    },
    "root": {
      "inputs": {
        "Vencord-src": "Vencord-src",
        "nixpkgs": "nixpkgs"
      }
    }
  },
  "root": "root",
  "version": 7
}
