{
  "nodes": {
    "Vencord-src": {
      "flake": false,
      "locked": {
        "lastModified": 1734388575,
        "narHash": "sha256-UF1DBqiinE7NeoEYWd0cXTinTAIsRvflflQwKZkWLSA=",
        "owner": "Vendicated",
        "repo": "vencord",
        "rev": "48a9aef2ebafbc72a0245a3725bf3c84bc9d76c6",
        "type": "github"
      },
      "original": {
        "owner": "Vendicated",
        "repo": "vencord",
        "type": "github"
      }
    },
    "nixpkgs": {
      "locked": {
        "lastModified": 1734119587,
        "narHash": "sha256-AKU6qqskl0yf2+JdRdD0cfxX4b9x3KKV5RqA6wijmPM=",
        "owner": "NixOS",
        "repo": "nixpkgs",
        "rev": "3566ab7246670a43abd2ffa913cc62dad9cdf7d5",
        "type": "github"
      },
      "original": {
        "owner": "NixOS",
        "ref": "nixos-unstable",
        "repo": "nixpkgs",
        "type": "github"
      }
    },
    "root": {
      "inputs": {
        "Vencord-src": "Vencord-src",
        "nixpkgs": "nixpkgs"
      }
    }
  },
  "root": "root",
  "version": 7
}
