{
  "nodes": {
    "Vencord-src": {
      "flake": false,
      "locked": {
        "lastModified": 1720813226,
        "narHash": "sha256-HzwG67iLIA/5EqH4J771rc5/gZ6tbYREY5uoxnbJVaM=",
        "owner": "Vendicated",
        "repo": "vencord",
        "rev": "0057ab42e8e11f79589c9d17c24dddcafef18272",
        "type": "github"
      },
      "original": {
        "owner": "Vendicated",
        "repo": "vencord",
        "type": "github"
      }
    },
    "nixpkgs": {
      "locked": {
        "lastModified": 1720768451,
        "narHash": "sha256-EYekUHJE2gxeo2pM/zM9Wlqw1Uw2XTJXOSAO79ksc4Y=",
        "owner": "NixOS",
        "repo": "nixpkgs",
        "rev": "7e7c39ea35c5cdd002cd4588b03a3fb9ece6fad9",
        "type": "github"
      },
      "original": {
        "owner": "NixOS",
        "ref": "nixos-unstable",
        "repo": "nixpkgs",
        "type": "github"
      }
    },
    "root": {
      "inputs": {
        "Vencord-src": "Vencord-src",
        "nixpkgs": "nixpkgs"
      }
    }
  },
  "root": "root",
  "version": 7
}
